<?xml version="1.0" encoding="UTF-8" standalone="yes" ?>
<CodeBlocks_project_file>
	<FileVersion major="1" minor="6" />
	<Project>
		<Option title="Week 1" />
		<Option pch_mode="2" />
		<Option compiler="gcc" />
		<Build>
			<Target title="Debug">
				<Option output="bin/Debug/Week 1" prefix_auto="1" extension_auto="1" />
				<Option object_output="obj/Debug/" />
				<Option type="1" />
				<Option compiler="gcc" />
				<Compiler>
					<Add option="-g" />
				</Compiler>
			</Target>
			<Target title="Release">
				<Option output="bin/Release/Week 1" prefix_auto="1" extension_auto="1" />
				<Option object_output="obj/Release/" />
				<Option type="1" />
				<Option compiler="gcc" />
				<Compiler>
					<Add option="-O2" />
				</Compiler>
				<Linker>
					<Add option="-s" />
				</Linker>
			</Target>
		</Build>
		<Compiler>
			<Add option="-Wall" />
			<Add option="-fexceptions" />
		</Compiler>
		<Unit filename="BASIC_QUERY_ARRAY.cpp" />
		<Unit filename="COUNT_WORD.cpp" />
		<Unit filename="DIV3.cpp" />
		<Unit filename="ELECTRIC_BILL.cpp" />
		<Unit filename="EQUATION.cpp" />
		<Unit filename="EXTRACT_DATE.cpp" />
		<Unit filename="EXTRACT_HOUR.cpp" />
		<Unit filename="K_SUBSEQ_EVEN.cpp" />
		<Unit filename="LOWER_TO_UPPER.cpp" />
		<Unit filename="ODD_EVEN.cpp" />
		<Unit filename="OPERATION.cpp" />
		<Unit filename="SQUARE.cpp" />
		<Unit filename="SUM.cpp" />
		<Unit filename="TEXT_REPLACEMENT.cpp" />
		<Unit filename="input.txt" />
		<Extensions>
			<code_completion />
			<envvars />
			<debugger />
		</Extensions>
	</Project>
</CodeBlocks_project_file>
